{
  "name": "server",
  "lockfileVersion": 2,
  "requires": true,
  "packages": {
    "": {
      "dependencies": {
        "uWebSockets.js": "github:uNetworking/uWebSockets.js#v20.4.0"
      }
    },
    "node_modules/uWebSockets.js": {
      "version": "20.4.0",
      "resolved": "git+ssh://git@github.com/uNetworking/uWebSockets.js.git#65f39bdff763be3883e6cf18e433dd4fec155845"
    }
  },
  "dependencies": {
    "uWebSockets.js": {
      "version": "git+ssh://git@github.com/uNetworking/uWebSockets.js.git#65f39bdff763be3883e6cf18e433dd4fec155845",
      "from": "uWebSockets.js@uNetworking/uWebSockets.js#v20.4.0"
    }
  }
}
